// !$*UTF8*$!
{
	archiveVersion = 1;
	classes = {
	};
	objectVersion = 50;
	objects = {

/* Begin PBXBuildFile section */
		7F078D8D227EEE81008EAFC3 /* AppDelegate.m in Sources */ = {isa = PBXBuildFile; fileRef = 7F078D8C227EEE81008EAFC3 /* AppDelegate.m */; };
		7F078D90227EEE81008EAFC3 /* ViewController.m in Sources */ = {isa = PBXBuildFile; fileRef = 7F078D8F227EEE81008EAFC3 /* ViewController.m */; };
		7F078D93227EEE81008EAFC3 /* Main.storyboard in Resources */ = {isa = PBXBuildFile; fileRef = 7F078D91227EEE81008EAFC3 /* Main.storyboard */; };
		7F078D95227EEE82008EAFC3 /* Assets.xcassets in Resources */ = {isa = PBXBuildFile; fileRef = 7F078D94227EEE82008EAFC3 /* Assets.xcassets */; };
		7F078D98227EEE82008EAFC3 /* LaunchScreen.storyboard in Resources */ = {isa = PBXBuildFile; fileRef = 7F078D96227EEE82008EAFC3 /* LaunchScreen.storyboard */; };
		7F078D9B227EEE82008EAFC3 /* main.m in Sources */ = {isa = PBXBuildFile; fileRef = 7F078D9A227EEE82008EAFC3 /* main.m */; };
		CAD4C99F86116E93880B36C0 /* libPods-cocoapodsdemo.a in Frameworks */ = {isa = PBXBuildFile; fileRef = 76BF61EF9D81CEC720F5CD10 /* libPods-cocoapodsdemo.a */; };
/* End PBXBuildFile section */

/* Begin PBXFileReference section */
		3F821A4D5217AD2D6743E963 /* Pods-cocoapodsdemo.release.xcconfig */ = {isa = PBXFileReference; includeInIndex = 1; lastKnownFileType = text.xcconfig; name = "Pods-cocoapodsdemo.release.xcconfig"; path = "Target Support Files/Pods-cocoapodsdemo/Pods-cocoapodsdemo.release.xcconfig"; sourceTree = "<group>"; };
		76BF61EF9D81CEC720F5CD10 /* libPods-cocoapodsdemo.a */ = {isa = PBXFileReference; explicitFileType = archive.ar; includeInIndex = 0; path = "libPods-cocoapodsdemo.a"; sourceTree = BUILT_PRODUCTS_DIR; };
		7F078D88227EEE81008EAFC3 /* cocoapodsdemo.app */ = {isa = PBXFileReference; explicitFileType = wrapper.application; includeInIndex = 0; path = cocoapodsdemo.app; sourceTree = BUILT_PRODUCTS_DIR; };
		7F078D8B227EEE81008EAFC3 /* AppDelegate.h */ = {isa = PBXFileReference; lastKnownFileType = sourcecode.c.h; path = AppDelegate.h; sourceTree = "<group>"; };
		7F078D8C227EEE81008EAFC3 /* AppDelegate.m */ = {isa = PBXFileReference; lastKnownFileType = sourcecode.c.objc; path = AppDelegate.m; sourceTree = "<group>"; };
		7F078D8E227EEE81008EAFC3 /* ViewController.h */ = {isa = PBXFileReference; lastKnownFileType = sourcecode.c.h; path = ViewController.h; sourceTree = "<group>"; };
		7F078D8F227EEE81008EAFC3 /* ViewController.m */ = {isa = PBXFileReference; lastKnownFileType = sourcecode.c.objc; path = ViewController.m; sourceTree = "<group>"; };
		7F078D92227EEE81008EAFC3 /* Base */ = {isa = PBXFileReference; lastKnownFileType = file.storyboard; name = Base; path = Base.lproj/Main.storyboard; sourceTree = "<group>"; };
		7F078D94227EEE82008EAFC3 /* Assets.xcassets */ = {isa = PBXFileReference; lastKnownFileType = folder.assetcatalog; path = Assets.xcassets; sourceTree = "<group>"; };
		7F078D97227EEE82008EAFC3 /* Base */ = {isa = PBXFileReference; lastKnownFileType = file.storyboard; name = Base; path = Base.lproj/LaunchScreen.storyboard; sourceTree = "<group>"; };
		7F078D99227EEE82008EAFC3 /* Info.plist */ = {isa = PBXFileReference; lastKnownFileType = text.plist.xml; path = Info.plist; sourceTree = "<group>"; };
		7F078D9A227EEE82008EAFC3 /* main.m */ = {isa = PBXFileReference; lastKnownFileType = sourcecode.c.objc; path = main.m; sourceTree = "<group>"; };
		91DDCDF354AC2E45366381E2 /* Pods-cocoapodsdemo.debug.xcconfig */ = {isa = PBXFileReference; includeInIndex = 1; lastKnownFileType = text.xcconfig; name = "Pods-cocoapodsdemo.debug.xcconfig"; path = "Target Support Files/Pods-cocoapodsdemo/Pods-cocoapodsdemo.debug.xcconfig"; sourceTree = "<group>"; };
/* End PBXFileReference section */

/* Begin PBXFrameworksBuildPhase section */
		7F078D85227EEE81008EAFC3 /* Frameworks */ = {
			isa = PBXFrameworksBuildPhase;
			buildActionMask = 2147483647;
			files = (
				CAD4C99F86116E93880B36C0 /* libPods-cocoapodsdemo.a in Frameworks */,
			);
			runOnlyForDeploymentPostprocessing = 0;
		};
/* End PBXFrameworksBuildPhase section */

/* Begin PBXGroup section */
		3CBBEFBD4A8E7CC9209F58EA /* Frameworks */ = {
			isa = PBXGroup;
			children = (
				76BF61EF9D81CEC720F5CD10 /* libPods-cocoapodsdemo.a */,
			);
			name = Frameworks;
			sourceTree = "<group>";
		};
		7F078D7F227EEE81008EAFC3 = {
			isa = PBXGroup;
			children = (
				7F078D8A227EEE81008EAFC3 /* cocoapodsdemo */,
				7F078D89227EEE81008EAFC3 /* Products */,
				F3CBEF13CFFFA14E91B7F717 /* Pods */,
				3CBBEFBD4A8E7CC9209F58EA /* Frameworks */,
			);
			sourceTree = "<group>";
		};
		7F078D89227EEE81008EAFC3 /* Products */ = {
			isa = PBXGroup;
			children = (
				7F078D88227EEE81008EAFC3 /* cocoapodsdemo.app */,
			);
			name = Products;
			sourceTree = "<group>";
		};
		7F078D8A227EEE81008EAFC3 /* cocoapodsdemo */ = {
			isa = PBXGroup;
			children = (
				7F078D8B227EEE81008EAFC3 /* AppDelegate.h */,
				7F078D8C227EEE81008EAFC3 /* AppDelegate.m */,
				7F078D8E227EEE81008EAFC3 /* ViewController.h */,
				7F078D8F227EEE81008EAFC3 /* ViewController.m */,
				7F078D91227EEE81008EAFC3 /* Main.storyboard */,
				7F078D94227EEE82008EAFC3 /* Assets.xcassets */,
				7F078D96227EEE82008EAFC3 /* LaunchScreen.storyboard */,
				7F078D99227EEE82008EAFC3 /* Info.plist */,
				7F078D9A227EEE82008EAFC3 /* main.m */,
			);
			path = cocoapodsdemo;
			sourceTree = "<group>";
		};
		F3CBEF13CFFFA14E91B7F717 /* Pods */ = {
			isa = PBXGroup;
			children = (
				91DDCDF354AC2E45366381E2 /* Pods-cocoapodsdemo.debug.xcconfig */,
				3F821A4D5217AD2D6743E963 /* Pods-cocoapodsdemo.release.xcconfig */,
			);
			name = Pods;
			path = Pods;
			sourceTree = "<group>";
		};
/* End PBXGroup section */

/* Begin PBXNativeTarget section */
		7F078D87227EEE81008EAFC3 /* cocoapodsdemo */ = {
			isa = PBXNativeTarget;
			buildConfigurationList = 7F078D9E227EEE82008EAFC3 /* Build configuration list for PBXNativeTarget "cocoapodsdemo" */;
			buildPhases = (
				335EDC9809C2F61A1B2ACBAB /* [CP] Check Pods Manifest.lock */,
				7F078D84227EEE81008EAFC3 /* Sources */,
				7F078D85227EEE81008EAFC3 /* Frameworks */,
				7F078D86227EEE81008EAFC3 /* Resources */,
			);
			buildRules = (
			);
			dependencies = (
			);
			name = cocoapodsdemo;
			productName = cocoapodsdemo;
			productReference = 7F078D88227EEE81008EAFC3 /* cocoapodsdemo.app */;
			productType = "com.apple.product-type.application";
		};
/* End PBXNativeTarget section */

/* Begin PBXProject section */
		7F078D80227EEE81008EAFC3 /* Project object */ = {
			isa = PBXProject;
			attributes = {
				LastUpgradeCheck = 1020;
				ORGANIZATIONNAME = com.example;
				TargetAttributes = {
					7F078D87227EEE81008EAFC3 = {
						CreatedOnToolsVersion = 10.2.1;
					};
				};
			};
			buildConfigurationList = 7F078D83227EEE81008EAFC3 /* Build configuration list for PBXProject "cocoapodsdemo" */;
			compatibilityVersion = "Xcode 9.3";
			developmentRegion = en;
			hasScannedForEncodings = 0;
			knownRegions = (
				en,
				Base,
			);
			mainGroup = 7F078D7F227EEE81008EAFC3;
			productRefGroup = 7F078D89227EEE81008EAFC3 /* Products */;
			projectDirPath = "";
			projectRoot = "";
			targets = (
				7F078D87227EEE81008EAFC3 /* cocoapodsdemo */,
			);
		};
/* End PBXProject section */

/* Begin PBXResourcesBuildPhase section */
		7F078D86227EEE81008EAFC3 /* Resources */ = {
			isa = PBXResourcesBuildPhase;
			buildActionMask = 2147483647;
			files = (
				7F078D98227EEE82008EAFC3 /* LaunchScreen.storyboard in Resources */,
				7F078D95227EEE82008EAFC3 /* Assets.xcassets in Resources */,
				7F078D93227EEE81008EAFC3 /* Main.storyboard in Resources */,
			);
			runOnlyForDeploymentPostprocessing = 0;
		};
/* End PBXResourcesBuildPhase section */

/* Begin PBXShellScriptBuildPhase section */
		335EDC9809C2F61A1B2ACBAB /* [CP] Check Pods Manifest.lock */ = {
			isa = PBXShellScriptBuildPhase;
			buildActionMask = 2147483647;
			files = (
			);
			inputFileListPaths = (
			);
			inputPaths = (
				"${PODS_PODFILE_DIR_PATH}/Podfile.lock",
				"${PODS_ROOT}/Manifest.lock",
			);
			name = "[CP] Check Pods Manifest.lock";
			outputFileListPaths = (
			);
			outputPaths = (
				"$(DERIVED_FILE_DIR)/Pods-cocoapodsdemo-checkManifestLockResult.txt",
			);
			runOnlyForDeploymentPostprocessing = 0;
			shellPath = /bin/sh;
			shellScript = "diff \"${PODS_PODFILE_DIR_PATH}/Podfile.lock\" \"${PODS_ROOT}/Manifest.lock\" > /dev/null\nif [ $? != 0 ] ; then\n    # print error to STDERR\n    echo \"error: The sandbox is not in sync with the Podfile.lock. Run 'pod install' or update your CocoaPods installation.\" >&2\n    exit 1\nfi\n# This output is used by Xcode 'outputs' to avoid re-running this script phase.\necho \"SUCCESS\" > \"${SCRIPT_OUTPUT_FILE_0}\"\n";
			showEnvVarsInLog = 0;
		};
/* End PBXShellScriptBuildPhase section */

/* Begin PBXSourcesBuildPhase section */
		7F078D84227EEE81008EAFC3 /* Sources */ = {
			isa = PBXSourcesBuildPhase;
			buildActionMask = 2147483647;
			files = (
				7F078D90227EEE81008EAFC3 /* ViewController.m in Sources */,
				7F078D9B227EEE82008EAFC3 /* main.m in Sources */,
				7F078D8D227EEE81008EAFC3 /* AppDelegate.m in Sources */,
			);
			runOnlyForDeploymentPostprocessing = 0;
		};
/* End PBXSourcesBuildPhase section */

/* Begin PBXVariantGroup section */
		7F078D91227EEE81008EAFC3 /* Main.storyboard */ = {
			isa = PBXVariantGroup;
			children = (
				7F078D92227EEE81008EAFC3 /* Base */,
			);
			name = Main.storyboard;
			sourceTree = "<group>";
		};
		7F078D96227EEE82008EAFC3 /* LaunchScreen.storyboard */ = {
			isa = PBXVariantGroup;
			children = (
				7F078D97227EEE82008EAFC3 /* Base */,
			);
			name = LaunchScreen.storyboard;
			sourceTree = "<group>";
		};
/* End PBXVariantGroup section */

/* Begin XCBuildConfiguration section */
		7F078D9C227EEE82008EAFC3 /* Debug */ = {
			isa = XCBuildConfiguration;
			buildSettings = {
				ALWAYS_SEARCH_USER_PATHS = NO;
				CLANG_ANALYZER_NONNULL = YES;
				CLANG_ANALYZER_NUMBER_OBJECT_CONVERSION = YES_AGGRESSIVE;
				CLANG_CXX_LANGUAGE_STANDARD = "gnu++14";
				CLANG_CXX_LIBRARY = "libc++";
				CLANG_ENABLE_MODULES = YES;
				CLANG_ENABLE_OBJC_ARC = YES;
				CLANG_ENABLE_OBJC_WEAK = YES;
				CLANG_WARN_BLOCK_CAPTURE_AUTORELEASING = YES;
				CLANG_WARN_BOOL_CONVERSION = YES;
				CLANG_WARN_COMMA = YES;
				CLANG_WARN_CONSTANT_CONVERSION = YES;
				CLANG_WARN_DEPRECATED_OBJC_IMPLEMENTATIONS = YES;
				CLANG_WARN_DIRECT_OBJC_ISA_USAGE = YES_ERROR;
				CLANG_WARN_DOCUMENTATION_COMMENTS = YES;
				CLANG_WARN_EMPTY_BODY = YES;
				CLANG_WARN_ENUM_CONVERSION = YES;
				CLANG_WARN_INFINITE_RECURSION = YES;
				CLANG_WARN_INT_CONVERSION = YES;
				CLANG_WARN_NON_LITERAL_NULL_CONVERSION = YES;
				CLANG_WARN_OBJC_IMPLICIT_RETAIN_SELF = YES;
				CLANG_WARN_OBJC_LITERAL_CONVERSION = YES;
				CLANG_WARN_OBJC_ROOT_CLASS = YES_ERROR;
				CLANG_WARN_RANGE_LOOP_ANALYSIS = YES;
				CLANG_WARN_STRICT_PROTOTYPES = YES;
				CLANG_WARN_SUSPICIOUS_MOVE = YES;
				CLANG_WARN_UNGUARDED_AVAILABILITY = YES_AGGRESSIVE;
				CLANG_WARN_UNREACHABLE_CODE = YES;
				CLANG_WARN__DUPLICATE_METHOD_MATCH = YES;
				CODE_SIGN_IDENTITY = "iPhone Developer";
				COPY_PHASE_STRIP = NO;
				DEBUG_INFORMATION_FORMAT = dwarf;
				ENABLE_STRICT_OBJC_MSGSEND = YES;
				ENABLE_TESTABILITY = YES;
				GCC_C_LANGUAGE_STANDARD = gnu11;
				GCC_DYNAMIC_NO_PIC = NO;
				GCC_NO_COMMON_BLOCKS = YES;
				GCC_OPTIMIZATION_LEVEL = 0;
				GCC_PREPROCESSOR_DEFINITIONS = (
					"DEBUG=1",
					"$(inherited)",
				);
				GCC_WARN_64_TO_32_BIT_CONVERSION = YES;
				GCC_WARN_ABOUT_RETURN_TYPE = YES_ERROR;
				GCC_WARN_UNDECLARED_SELECTOR = YES;
				GCC_WARN_UNINITIALIZED_AUTOS = YES_AGGRESSIVE;
				GCC_WARN_UNUSED_FUNCTION = YES;
				GCC_WARN_UNUSED_VARIABLE = YES;
				IPHONEOS_DEPLOYMENT_TARGET = 12.2;
				MTL_ENABLE_DEBUG_INFO = INCLUDE_SOURCE;
				MTL_FAST_MATH = YES;
				ONLY_ACTIVE_ARCH = YES;
				SDKROOT = iphoneos;
			};
			name = Debug;
		};
		7F078D9D227EEE82008EAFC3 /* Release */ = {
			isa = XCBuildConfiguration;
			buildSettings = {
				ALWAYS_SEARCH_USER_PATHS = NO;
				CLANG_ANALYZER_NONNULL = YES;
				CLANG_ANALYZER_NUMBER_OBJECT_CONVERSION = YES_AGGRESSIVE;
				CLANG_CXX_LANGUAGE_STANDARD = "gnu++14";
				CLANG_CXX_LIBRARY = "libc++";
				CLANG_ENABLE_MODULES = YES;
				CLANG_ENABLE_OBJC_ARC = YES;
				CLANG_ENABLE_OBJC_WEAK = YES;
				CLANG_WARN_BLOCK_CAPTURE_AUTORELEASING = YES;
				CLANG_WARN_BOOL_CONVERSION = YES;
				CLANG_WARN_COMMA = YES;
				CLANG_WARN_CONSTANT_CONVERSION = YES;
				CLANG_WARN_DEPRECATED_OBJC_IMPLEMENTATIONS = YES;
				CLANG_WARN_DIRECT_OBJC_ISA_USAGE = YES_ERROR;
				CLANG_WARN_DOCUMENTATION_COMMENTS = YES;
				CLANG_WARN_EMPTY_BODY = YES;
				CLANG_WARN_ENUM_CONVERSION = YES;
				CLANG_WARN_INFINITE_RECURSION = YES;
				CLANG_WARN_INT_CONVERSION = YES;
				CLANG_WARN_NON_LITERAL_NULL_CONVERSION = YES;
				CLANG_WARN_OBJC_IMPLICIT_RETAIN_SELF = YES;
				CLANG_WARN_OBJC_LITERAL_CONVERSION = YES;
				CLANG_WARN_OBJC_ROOT_CLASS = YES_ERROR;
				CLANG_WARN_RANGE_LOOP_ANALYSIS = YES;
				CLANG_WARN_STRICT_PROTOTYPES = YES;
				CLANG_WARN_SUSPICIOUS_MOVE = YES;
				CLANG_WARN_UNGUARDED_AVAILABILITY = YES_AGGRESSIVE;
				CLANG_WARN_UNREACHABLE_CODE = YES;
				CLANG_WARN__DUPLICATE_METHOD_MATCH = YES;
				CODE_SIGN_IDENTITY = "iPhone Developer";
				COPY_PHASE_STRIP = NO;
				DEBUG_INFORMATION_FORMAT = "dwarf-with-dsym";
				ENABLE_NS_ASSERTIONS = NO;
				ENABLE_STRICT_OBJC_MSGSEND = YES;
				GCC_C_LANGUAGE_STANDARD = gnu11;
				GCC_NO_COMMON_BLOCKS = YES;
				GCC_WARN_64_TO_32_BIT_CONVERSION = YES;
				GCC_WARN_ABOUT_RETURN_TYPE = YES_ERROR;
				GCC_WARN_UNDECLARED_SELECTOR = YES;
				GCC_WARN_UNINITIALIZED_AUTOS = YES_AGGRESSIVE;
				GCC_WARN_UNUSED_FUNCTION = YES;
				GCC_WARN_UNUSED_VARIABLE = YES;
				IPHONEOS_DEPLOYMENT_TARGET = 12.2;
				MTL_ENABLE_DEBUG_INFO = NO;
				MTL_FAST_MATH = YES;
				SDKROOT = iphoneos;
				VALIDATE_PRODUCT = YES;
			};
			name = Release;
		};
		7F078D9F227EEE82008EAFC3 /* Debug */ = {
			isa = XCBuildConfiguration;
			baseConfigurationReference = 91DDCDF354AC2E45366381E2 /* Pods-cocoapodsdemo.debug.xcconfig */;
			buildSettings = {
				ASSETCATALOG_COMPILER_APPICON_NAME = AppIcon;
				CODE_SIGN_STYLE = Automatic;
				INFOPLIST_FILE = cocoapodsdemo/Info.plist;
				LD_RUNPATH_SEARCH_PATHS = (
					"$(inherited)",
					"@executable_path/Frameworks",
				);
				PRODUCT_BUNDLE_IDENTIFIER = com.example.cocoapodsdemo;
				PRODUCT_NAME = "$(TARGET_NAME)";
				TARGETED_DEVICE_FAMILY = "1,2";
			};
			name = Debug;
		};
		7F078DA0227EEE82008EAFC3 /* Release */ = {
			isa = XCBuildConfiguration;
			baseConfigurationReference = 3F821A4D5217AD2D6743E963 /* Pods-cocoapodsdemo.release.xcconfig */;
			buildSettings = {
				ASSETCATALOG_COMPILER_APPICON_NAME = AppIcon;
				CODE_SIGN_STYLE = Automatic;
				INFOPLIST_FILE = cocoapodsdemo/Info.plist;
				LD_RUNPATH_SEARCH_PATHS = (
					"$(inherited)",
					"@executable_path/Frameworks",
				);
				PRODUCT_BUNDLE_IDENTIFIER = com.example.cocoapodsdemo;
				PRODUCT_NAME = "$(TARGET_NAME)";
				TARGETED_DEVICE_FAMILY = "1,2";
			};
			name = Release;
		};
/* End XCBuildConfiguration section */

/* Begin XCConfigurationList section */
		7F078D83227EEE81008EAFC3 /* Build configuration list for PBXProject "cocoapodsdemo" */ = {
			isa = XCConfigurationList;
			buildConfigurations = (
				7F078D9C227EEE82008EAFC3 /* Debug */,
				7F078D9D227EEE82008EAFC3 /* Release */,
			);
			defaultConfigurationIsVisible = 0;
			defaultConfigurationName = Release;
		};
		7F078D9E227EEE82008EAFC3 /* Build configuration list for PBXNativeTarget "cocoapodsdemo" */ = {
			isa = XCConfigurationList;
			buildConfigurations = (
				7F078D9F227EEE82008EAFC3 /* Debug */,
				7F078DA0227EEE82008EAFC3 /* Release */,
			);
			defaultConfigurationIsVisible = 0;
			defaultConfigurationName = Release;
		};
/* End XCConfigurationList section */
	};
	rootObject = 7F078D80227EEE81008EAFC3 /* Project object */;
}
